{
  "name": "eirs-crm",
  "version": "1.0.0",
  "lockfileVersion": 3,
  "requires": true,
  "packages": {
    "": {
      "name": "eirs-crm",
      "version": "1.0.0",
      "hasInstallScript": true,
      "engines": {
        "node": "18.x || 20.x || 22.x",
        "npm": "9.x || 10.x"
      }
    }
  }
}
